# Project ETU - fully resolved environment lock
#
# Generated from the built environment on 2026-09-16 with:
#   conda env export -p src/.env/Python/etu --no-builds
# Regenerate after every `mamba env update`, and commit the result.
# Recreate exactly with:
#   mamba env create --prefix src/.env/Python/etu -f environment.lock.yml
#
name: etu
channels:
  - conda-forge
  - defaults
dependencies:
  - _openmp_mutex=4.5
  - _python_abi3_support=1.0
  - aom=3.14.1
  - black=26.5.1
  - bzip2=1.0.8
  - c-ares=1.34.8
  - ca-certificates=2026.7.22
  - cairo=1.18.4
  - click=8.5.0
  - colorama=0.4.6
  - cpython=3.12.14
  - cyrus-sasl=2.1.28
  - dav1d=1.2.1
  - dbus=1.16.2
  - double-conversion=3.4.0
  - exceptiongroup=1.3.1
  - ffmpeg=9.0.1
  - font-ttf-dejavu-sans-mono=2.37
  - font-ttf-inconsolata=3.000
  - font-ttf-source-code-pro=2.038
  - font-ttf-ubuntu=0.83
  - fontconfig=2.18.3
  - fonts-conda-ecosystem=1
  - fonts-conda-forge=1
  - freetype=2.14.3
  - fribidi=1.0.16
  - gdk-pixbuf=2.44.8
  - glslang=16.5.0
  - gmp=6.3.0
  - graphite2=1.3.15
  - harfbuzz=14.4.0
  - hdf5=1.14.6
  - icu=78.3
  - imath=3.2.2
  - iniconfig=2.3.0
  - krb5=1.22.2
  - lame=4.0
  - lcms2=2.19.1
  - lerc=4.2.0
  - libabseil=20260526.0
  - libaec=1.1.5
  - libass=0.17.5
  - libavif16=1.4.2
  - libblas=3.11.0
  - libbrotlicommon=1.2.0
  - libbrotlidec=1.2.0
  - libbrotlienc=1.2.0
  - libcblas=3.11.0
  - libcurl=8.22.0
  - libcxx=23.1.0
  - libdav1d7=1.5.4
  - libdeflate=1.25
  - libdovi=3.4.0
  - libedit=3.1.20250104
  - libev=4.33
  - libexpat=2.8.1
  - libffi=3.7.0
  - libfreetype=2.14.3
  - libfreetype6=2.14.3
  - libgcc=16.2.0
  - libgfortran=16.2.0
  - libgfortran5=16.2.0
  - libglib=2.88.3
  - libharfbuzz=14.4.0
  - libharfbuzz-devel=14.4.0
  - libhwloc=2.13.0
  - libhwy=1.4.0
  - libiconv=1.18
  - libintl=0.25.1
  - libjpeg-turbo=3.2.0
  - libjxl=0.12.0
  - liblapack=3.11.0
  - liblapacke=3.11.0
  - liblzma=5.8.3
  - libnghttp2=1.68.1
  - libntlm=1.8
  - libogg=1.3.5
  - libopenblas=0.3.34
  - libopencv=5.0.0
  - libopenvino=2026.3.0
  - libopenvino-arm-cpu-plugin=2026.3.0
  - libopenvino-auto-batch-plugin=2026.3.0
  - libopenvino-auto-plugin=2026.3.0
  - libopenvino-hetero-plugin=2026.3.0
  - libopenvino-ir-frontend=2026.3.0
  - libopenvino-onnx-frontend=2026.3.0
  - libopenvino-paddle-frontend=2026.3.0
  - libopenvino-pytorch-frontend=2026.3.0
  - libopenvino-tensorflow-frontend=2026.3.0
  - libopenvino-tensorflow-lite-frontend=2026.3.0
  - libopus=1.6.1
  - libplacebo=7.360.1
  - libpng=1.6.58
  - libpq=18.6
  - libprotobuf=7.35.1
  - libpsl=0.23.1
  - libpython=3.12.14
  - librsvg=2.62.3
  - libsqlite=3.53.4
  - libssh2=1.11.1
  - libtiff=4.7.2
  - libusb=1.0.29
  - libvorbis=1.3.7
  - libvpx=1.15.2
  - libvulkan-loader=1.4.357.0
  - libwebp-base=1.6.0
  - libxml2=2.15.4
  - libxml2-16=2.15.4
  - libzlib=1.3.2
  - llvm-openmp=23.1.0
  - moltenvk=1.4.2
  - mpg123=1.33.7
  - mypy_extensions=1.1.0
  - ncurses=6.6
  - numpy=2.5.3
  - opencv=5.0.0
  - openexr=3.4.15
  - openh264=2.6.0
  - openjpeg=2.5.4
  - openjph=0.31.0
  - openldap=2.6.13
  - openssl=3.6.4
  - packaging=26.3
  - pango=1.58.2
  - pathspec=1.1.1
  - pcre2=10.47
  - pip=26.2.1
  - pixman=0.46.4
  - platformdirs=4.11.6
  - pluggy=1.6.0
  - pugixml=1.15
  - py-opencv=5.0.0
  - pygments=2.21.0
  - pytest=9.1.1
  - python=3.12.14
  - python-gil=3.12.14
  - python_abi=3.12
  - pytokens=0.4.1
  - qt6-main=6.11.2
  - rav1e=0.8.1
  - readline=8.3
  - ruff=0.16.6
  - sdl2=2.32.56
  - sdl3=3.4.16
  - setuptools=84.0.0
  - shaderc=2026.3
  - snappy=1.2.2
  - spirv-tools=2026.3
  - svt-av1=4.2.0
  - tbb=2023.0.0
  - tk=8.6.13
  - tomli=2.4.1
  - typing_extensions=4.16.0
  - tzdata=2026c
  - wheel=0.48.0
  - x264=1!164.3095
  - x265=3.5
  - zstd=1.5.7
